
Microsoft Visual Studio Solution File, Format Version 12.00
# Visual Studio 15
VisualStudioVersion = 15.0.28307.168
MinimumVisualStudioVersion = 10.0.40219.1
Project("{FAE04EC0-301F-11D3-BF4B-00C04F79EFBC}") = "HodlWallet2.Android", "HodlWallet2.Android\HodlWallet2.Android.csproj", "{53727E66-2701-4E33-81EA-EA025C06CA93}"
EndProject
Project("{FAE04EC0-301F-11D3-BF4B-00C04F79EFBC}") = "HodlWallet2.iOS", "HodlWallet2.iOS\HodlWallet2.iOS.csproj", "{9D65E0BF-3315-4EE4-BFB9-3AD77FCA8124}"
EndProject
Project("{9A19103F-16F7-4668-BE54-9A1E7A4F7556}") = "HodlWallet2.UI", "HodlWallet2.UI\HodlWallet2.UI.csproj", "{BB2AB7ED-FBE3-4F4D-80AD-1A9CB54EC734}"
EndProject
Project("{9A19103F-16F7-4668-BE54-9A1E7A4F7556}") = "Liviano", "LivianoWallet\LivianoWallet\Liviano\Liviano.csproj", "{6994B467-DA54-4C66-848D-6EB660D834BF}"
EndProject
Project("{9A19103F-16F7-4668-BE54-9A1E7A4F7556}") = "Liviano.Utilities", "LivianoWallet\LivianoWallet\Liviano.Utilities\Liviano.Utilities.csproj", "{3A2AD773-C646-40E8-8E9D-A5A911618B6F}"
EndProject
Project("{9A19103F-16F7-4668-BE54-9A1E7A4F7556}") = "HodlWallet2.Core", "HodlWallet2.Core\HodlWallet2.Core.csproj", "{014986BB-69A9-4A7F-B45D-94A4DA28A047}"
EndProject
Project("{9A19103F-16F7-4668-BE54-9A1E7A4F7556}") = "HodlWallet2.Shared.Controls", "HodlWallet2.Shared.Controls\HodlWallet2.Shared.Controls.csproj", "{AC609B6D-79DD-42E8-AF06-B04858BD62F8}"
EndProject
Global
	GlobalSection(SolutionConfigurationPlatforms) = preSolution
		Ad-Hoc|Any CPU = Ad-Hoc|Any CPU
		Ad-Hoc|iPhone = Ad-Hoc|iPhone
		Ad-Hoc|iPhoneSimulator = Ad-Hoc|iPhoneSimulator
		AppStore|Any CPU = AppStore|Any CPU
		AppStore|iPhone = AppStore|iPhone
		AppStore|iPhoneSimulator = AppStore|iPhoneSimulator
		Debug|Any CPU = Debug|Any CPU
		Debug|iPhone = Debug|iPhone
		Debug|iPhoneSimulator = Debug|iPhoneSimulator
		Release|Any CPU = Release|Any CPU
		Release|iPhone = Release|iPhone
		Release|iPhoneSimulator = Release|iPhoneSimulator
	EndGlobalSection
	GlobalSection(ProjectConfigurationPlatforms) = postSolution
		{53727E66-2701-4E33-81EA-EA025C06CA93}.Ad-Hoc|Any CPU.ActiveCfg = Release|Any CPU
		{53727E66-2701-4E33-81EA-EA025C06CA93}.Ad-Hoc|Any CPU.Build.0 = Release|Any CPU
		{53727E66-2701-4E33-81EA-EA025C06CA93}.Ad-Hoc|Any CPU.Deploy.0 = Release|Any CPU
		{53727E66-2701-4E33-81EA-EA025C06CA93}.Ad-Hoc|iPhone.ActiveCfg = Debug|Any CPU
		{53727E66-2701-4E33-81EA-EA025C06CA93}.Ad-Hoc|iPhone.Build.0 = Debug|Any CPU
		{53727E66-2701-4E33-81EA-EA025C06CA93}.Ad-Hoc|iPhoneSimulator.ActiveCfg = Release|Any CPU
		{53727E66-2701-4E33-81EA-EA025C06CA93}.Ad-Hoc|iPhoneSimulator.Build.0 = Release|Any CPU
		{53727E66-2701-4E33-81EA-EA025C06CA93}.Ad-Hoc|iPhoneSimulator.Deploy.0 = Release|Any CPU
		{53727E66-2701-4E33-81EA-EA025C06CA93}.AppStore|Any CPU.ActiveCfg = Release|Any CPU
		{53727E66-2701-4E33-81EA-EA025C06CA93}.AppStore|Any CPU.Build.0 = Release|Any CPU
		{53727E66-2701-4E33-81EA-EA025C06CA93}.AppStore|Any CPU.Deploy.0 = Release|Any CPU
		{53727E66-2701-4E33-81EA-EA025C06CA93}.AppStore|iPhone.ActiveCfg = Debug|Any CPU
		{53727E66-2701-4E33-81EA-EA025C06CA93}.AppStore|iPhone.Build.0 = Debug|Any CPU
		{53727E66-2701-4E33-81EA-EA025C06CA93}.AppStore|iPhoneSimulator.ActiveCfg = Release|Any CPU
		{53727E66-2701-4E33-81EA-EA025C06CA93}.AppStore|iPhoneSimulator.Build.0 = Release|Any CPU
		{53727E66-2701-4E33-81EA-EA025C06CA93}.AppStore|iPhoneSimulator.Deploy.0 = Release|Any CPU
		{53727E66-2701-4E33-81EA-EA025C06CA93}.Debug|Any CPU.ActiveCfg = Debug|Any CPU
		{53727E66-2701-4E33-81EA-EA025C06CA93}.Debug|Any CPU.Build.0 = Debug|Any CPU
		{53727E66-2701-4E33-81EA-EA025C06CA93}.Debug|Any CPU.Deploy.0 = Debug|Any CPU
		{53727E66-2701-4E33-81EA-EA025C06CA93}.Debug|iPhone.ActiveCfg = Debug|Any CPU
		{53727E66-2701-4E33-81EA-EA025C06CA93}.Debug|iPhone.Build.0 = Debug|Any CPU
		{53727E66-2701-4E33-81EA-EA025C06CA93}.Debug|iPhoneSimulator.ActiveCfg = Debug|Any CPU
		{53727E66-2701-4E33-81EA-EA025C06CA93}.Debug|iPhoneSimulator.Build.0 = Debug|Any CPU
		{53727E66-2701-4E33-81EA-EA025C06CA93}.Debug|iPhoneSimulator.Deploy.0 = Debug|Any CPU
		{53727E66-2701-4E33-81EA-EA025C06CA93}.Release|Any CPU.ActiveCfg = Release|Any CPU
		{53727E66-2701-4E33-81EA-EA025C06CA93}.Release|Any CPU.Build.0 = Release|Any CPU
		{53727E66-2701-4E33-81EA-EA025C06CA93}.Release|iPhone.ActiveCfg = Release|Any CPU
		{53727E66-2701-4E33-81EA-EA025C06CA93}.Release|iPhone.Build.0 = Release|Any CPU
		{53727E66-2701-4E33-81EA-EA025C06CA93}.Release|iPhoneSimulator.ActiveCfg = Release|Any CPU
		{53727E66-2701-4E33-81EA-EA025C06CA93}.Release|iPhoneSimulator.Build.0 = Release|Any CPU
		{9D65E0BF-3315-4EE4-BFB9-3AD77FCA8124}.Ad-Hoc|Any CPU.ActiveCfg = Release|iPhoneSimulator
		{9D65E0BF-3315-4EE4-BFB9-3AD77FCA8124}.Ad-Hoc|Any CPU.Build.0 = Release|iPhoneSimulator
		{9D65E0BF-3315-4EE4-BFB9-3AD77FCA8124}.Ad-Hoc|iPhone.ActiveCfg = Ad-Hoc|iPhone
		{9D65E0BF-3315-4EE4-BFB9-3AD77FCA8124}.Ad-Hoc|iPhone.Build.0 = Ad-Hoc|iPhone
		{9D65E0BF-3315-4EE4-BFB9-3AD77FCA8124}.Ad-Hoc|iPhoneSimulator.ActiveCfg = Release|iPhoneSimulator
		{9D65E0BF-3315-4EE4-BFB9-3AD77FCA8124}.Ad-Hoc|iPhoneSimulator.Build.0 = Release|iPhoneSimulator
		{9D65E0BF-3315-4EE4-BFB9-3AD77FCA8124}.AppStore|Any CPU.ActiveCfg = Release|iPhoneSimulator
		{9D65E0BF-3315-4EE4-BFB9-3AD77FCA8124}.AppStore|Any CPU.Build.0 = Release|iPhoneSimulator
		{9D65E0BF-3315-4EE4-BFB9-3AD77FCA8124}.AppStore|iPhone.ActiveCfg = AppStore|iPhone
		{9D65E0BF-3315-4EE4-BFB9-3AD77FCA8124}.AppStore|iPhone.Build.0 = AppStore|iPhone
		{9D65E0BF-3315-4EE4-BFB9-3AD77FCA8124}.AppStore|iPhoneSimulator.ActiveCfg = Release|iPhoneSimulator
		{9D65E0BF-3315-4EE4-BFB9-3AD77FCA8124}.AppStore|iPhoneSimulator.Build.0 = Release|iPhoneSimulator
		{9D65E0BF-3315-4EE4-BFB9-3AD77FCA8124}.Debug|Any CPU.ActiveCfg = Debug|iPhoneSimulator
		{9D65E0BF-3315-4EE4-BFB9-3AD77FCA8124}.Debug|Any CPU.Build.0 = Debug|iPhoneSimulator
		{9D65E0BF-3315-4EE4-BFB9-3AD77FCA8124}.Debug|iPhone.ActiveCfg = Debug|iPhone
		{9D65E0BF-3315-4EE4-BFB9-3AD77FCA8124}.Debug|iPhone.Build.0 = Debug|iPhone
		{9D65E0BF-3315-4EE4-BFB9-3AD77FCA8124}.Debug|iPhoneSimulator.ActiveCfg = Debug|iPhoneSimulator
		{9D65E0BF-3315-4EE4-BFB9-3AD77FCA8124}.Debug|iPhoneSimulator.Build.0 = Debug|iPhoneSimulator
		{9D65E0BF-3315-4EE4-BFB9-3AD77FCA8124}.Release|Any CPU.ActiveCfg = Release|iPhoneSimulator
		{9D65E0BF-3315-4EE4-BFB9-3AD77FCA8124}.Release|Any CPU.Build.0 = Release|iPhoneSimulator
		{9D65E0BF-3315-4EE4-BFB9-3AD77FCA8124}.Release|iPhone.ActiveCfg = Release|iPhone
		{9D65E0BF-3315-4EE4-BFB9-3AD77FCA8124}.Release|iPhone.Build.0 = Release|iPhone
		{9D65E0BF-3315-4EE4-BFB9-3AD77FCA8124}.Release|iPhoneSimulator.ActiveCfg = Release|iPhoneSimulator
		{9D65E0BF-3315-4EE4-BFB9-3AD77FCA8124}.Release|iPhoneSimulator.Build.0 = Release|iPhoneSimulator
		{BB2AB7ED-FBE3-4F4D-80AD-1A9CB54EC734}.Ad-Hoc|Any CPU.ActiveCfg = Release|Any CPU
		{BB2AB7ED-FBE3-4F4D-80AD-1A9CB54EC734}.Ad-Hoc|Any CPU.Build.0 = Release|Any CPU
		{BB2AB7ED-FBE3-4F4D-80AD-1A9CB54EC734}.Ad-Hoc|iPhone.ActiveCfg = Debug|Any CPU
		{BB2AB7ED-FBE3-4F4D-80AD-1A9CB54EC734}.Ad-Hoc|iPhone.Build.0 = Debug|Any CPU
		{BB2AB7ED-FBE3-4F4D-80AD-1A9CB54EC734}.Ad-Hoc|iPhoneSimulator.ActiveCfg = Release|Any CPU
		{BB2AB7ED-FBE3-4F4D-80AD-1A9CB54EC734}.Ad-Hoc|iPhoneSimulator.Build.0 = Release|Any CPU
		{BB2AB7ED-FBE3-4F4D-80AD-1A9CB54EC734}.AppStore|Any CPU.ActiveCfg = Release|Any CPU
		{BB2AB7ED-FBE3-4F4D-80AD-1A9CB54EC734}.AppStore|Any CPU.Build.0 = Release|Any CPU
		{BB2AB7ED-FBE3-4F4D-80AD-1A9CB54EC734}.AppStore|iPhone.ActiveCfg = Debug|Any CPU
		{BB2AB7ED-FBE3-4F4D-80AD-1A9CB54EC734}.AppStore|iPhone.Build.0 = Debug|Any CPU
		{BB2AB7ED-FBE3-4F4D-80AD-1A9CB54EC734}.AppStore|iPhoneSimulator.ActiveCfg = Release|Any CPU
		{BB2AB7ED-FBE3-4F4D-80AD-1A9CB54EC734}.AppStore|iPhoneSimulator.Build.0 = Release|Any CPU
		{BB2AB7ED-FBE3-4F4D-80AD-1A9CB54EC734}.Debug|Any CPU.ActiveCfg = Debug|Any CPU
		{BB2AB7ED-FBE3-4F4D-80AD-1A9CB54EC734}.Debug|Any CPU.Build.0 = Debug|Any CPU
		{BB2AB7ED-FBE3-4F4D-80AD-1A9CB54EC734}.Debug|iPhone.ActiveCfg = Debug|Any CPU
		{BB2AB7ED-FBE3-4F4D-80AD-1A9CB54EC734}.Debug|iPhone.Build.0 = Debug|Any CPU
		{BB2AB7ED-FBE3-4F4D-80AD-1A9CB54EC734}.Debug|iPhoneSimulator.ActiveCfg = Debug|Any CPU
		{BB2AB7ED-FBE3-4F4D-80AD-1A9CB54EC734}.Debug|iPhoneSimulator.Build.0 = Debug|Any CPU
		{BB2AB7ED-FBE3-4F4D-80AD-1A9CB54EC734}.Release|Any CPU.ActiveCfg = Release|Any CPU
		{BB2AB7ED-FBE3-4F4D-80AD-1A9CB54EC734}.Release|Any CPU.Build.0 = Release|Any CPU
		{BB2AB7ED-FBE3-4F4D-80AD-1A9CB54EC734}.Release|iPhone.ActiveCfg = Release|Any CPU
		{BB2AB7ED-FBE3-4F4D-80AD-1A9CB54EC734}.Release|iPhone.Build.0 = Release|Any CPU
		{BB2AB7ED-FBE3-4F4D-80AD-1A9CB54EC734}.Release|iPhoneSimulator.ActiveCfg = Release|Any CPU
		{BB2AB7ED-FBE3-4F4D-80AD-1A9CB54EC734}.Release|iPhoneSimulator.Build.0 = Release|Any CPU
		{6994B467-DA54-4C66-848D-6EB660D834BF}.Ad-Hoc|Any CPU.ActiveCfg = Release|Any CPU
		{6994B467-DA54-4C66-848D-6EB660D834BF}.Ad-Hoc|Any CPU.Build.0 = Release|Any CPU
		{6994B467-DA54-4C66-848D-6EB660D834BF}.Ad-Hoc|iPhone.ActiveCfg = Debug|Any CPU
		{6994B467-DA54-4C66-848D-6EB660D834BF}.Ad-Hoc|iPhone.Build.0 = Debug|Any CPU
		{6994B467-DA54-4C66-848D-6EB660D834BF}.Ad-Hoc|iPhoneSimulator.ActiveCfg = Release|Any CPU
		{6994B467-DA54-4C66-848D-6EB660D834BF}.Ad-Hoc|iPhoneSimulator.Build.0 = Release|Any CPU
		{6994B467-DA54-4C66-848D-6EB660D834BF}.AppStore|Any CPU.ActiveCfg = Release|Any CPU
		{6994B467-DA54-4C66-848D-6EB660D834BF}.AppStore|Any CPU.Build.0 = Release|Any CPU
		{6994B467-DA54-4C66-848D-6EB660D834BF}.AppStore|iPhone.ActiveCfg = Debug|Any CPU
		{6994B467-DA54-4C66-848D-6EB660D834BF}.AppStore|iPhone.Build.0 = Debug|Any CPU
		{6994B467-DA54-4C66-848D-6EB660D834BF}.AppStore|iPhoneSimulator.ActiveCfg = Release|Any CPU
		{6994B467-DA54-4C66-848D-6EB660D834BF}.AppStore|iPhoneSimulator.Build.0 = Release|Any CPU
		{6994B467-DA54-4C66-848D-6EB660D834BF}.Debug|Any CPU.ActiveCfg = Debug|Any CPU
		{6994B467-DA54-4C66-848D-6EB660D834BF}.Debug|Any CPU.Build.0 = Debug|Any CPU
		{6994B467-DA54-4C66-848D-6EB660D834BF}.Debug|iPhone.ActiveCfg = Debug|Any CPU
		{6994B467-DA54-4C66-848D-6EB660D834BF}.Debug|iPhone.Build.0 = Debug|Any CPU
		{6994B467-DA54-4C66-848D-6EB660D834BF}.Debug|iPhoneSimulator.ActiveCfg = Debug|Any CPU
		{6994B467-DA54-4C66-848D-6EB660D834BF}.Debug|iPhoneSimulator.Build.0 = Debug|Any CPU
		{6994B467-DA54-4C66-848D-6EB660D834BF}.Release|Any CPU.ActiveCfg = Release|Any CPU
		{6994B467-DA54-4C66-848D-6EB660D834BF}.Release|Any CPU.Build.0 = Release|Any CPU
		{6994B467-DA54-4C66-848D-6EB660D834BF}.Release|iPhone.ActiveCfg = Release|Any CPU
		{6994B467-DA54-4C66-848D-6EB660D834BF}.Release|iPhone.Build.0 = Release|Any CPU
		{6994B467-DA54-4C66-848D-6EB660D834BF}.Release|iPhoneSimulator.ActiveCfg = Release|Any CPU
		{6994B467-DA54-4C66-848D-6EB660D834BF}.Release|iPhoneSimulator.Build.0 = Release|Any CPU
		{3A2AD773-C646-40E8-8E9D-A5A911618B6F}.Ad-Hoc|Any CPU.ActiveCfg = Release|Any CPU
		{3A2AD773-C646-40E8-8E9D-A5A911618B6F}.Ad-Hoc|Any CPU.Build.0 = Release|Any CPU
		{3A2AD773-C646-40E8-8E9D-A5A911618B6F}.Ad-Hoc|iPhone.ActiveCfg = Debug|Any CPU
		{3A2AD773-C646-40E8-8E9D-A5A911618B6F}.Ad-Hoc|iPhone.Build.0 = Debug|Any CPU
		{3A2AD773-C646-40E8-8E9D-A5A911618B6F}.Ad-Hoc|iPhoneSimulator.ActiveCfg = Release|Any CPU
		{3A2AD773-C646-40E8-8E9D-A5A911618B6F}.Ad-Hoc|iPhoneSimulator.Build.0 = Release|Any CPU
		{3A2AD773-C646-40E8-8E9D-A5A911618B6F}.AppStore|Any CPU.ActiveCfg = Release|Any CPU
		{3A2AD773-C646-40E8-8E9D-A5A911618B6F}.AppStore|Any CPU.Build.0 = Release|Any CPU
		{3A2AD773-C646-40E8-8E9D-A5A911618B6F}.AppStore|iPhone.ActiveCfg = Debug|Any CPU
		{3A2AD773-C646-40E8-8E9D-A5A911618B6F}.AppStore|iPhone.Build.0 = Debug|Any CPU
		{3A2AD773-C646-40E8-8E9D-A5A911618B6F}.AppStore|iPhoneSimulator.ActiveCfg = Release|Any CPU
		{3A2AD773-C646-40E8-8E9D-A5A911618B6F}.AppStore|iPhoneSimulator.Build.0 = Release|Any CPU
		{3A2AD773-C646-40E8-8E9D-A5A911618B6F}.Debug|Any CPU.ActiveCfg = Debug|Any CPU
		{3A2AD773-C646-40E8-8E9D-A5A911618B6F}.Debug|Any CPU.Build.0 = Debug|Any CPU
		{3A2AD773-C646-40E8-8E9D-A5A911618B6F}.Debug|iPhone.ActiveCfg = Debug|Any CPU
		{3A2AD773-C646-40E8-8E9D-A5A911618B6F}.Debug|iPhone.Build.0 = Debug|Any CPU
		{3A2AD773-C646-40E8-8E9D-A5A911618B6F}.Debug|iPhoneSimulator.ActiveCfg = Debug|Any CPU
		{3A2AD773-C646-40E8-8E9D-A5A911618B6F}.Debug|iPhoneSimulator.Build.0 = Debug|Any CPU
		{3A2AD773-C646-40E8-8E9D-A5A911618B6F}.Release|Any CPU.ActiveCfg = Release|Any CPU
		{3A2AD773-C646-40E8-8E9D-A5A911618B6F}.Release|Any CPU.Build.0 = Release|Any CPU
		{3A2AD773-C646-40E8-8E9D-A5A911618B6F}.Release|iPhone.ActiveCfg = Release|Any CPU
		{3A2AD773-C646-40E8-8E9D-A5A911618B6F}.Release|iPhone.Build.0 = Release|Any CPU
		{3A2AD773-C646-40E8-8E9D-A5A911618B6F}.Release|iPhoneSimulator.ActiveCfg = Release|Any CPU
		{3A2AD773-C646-40E8-8E9D-A5A911618B6F}.Release|iPhoneSimulator.Build.0 = Release|Any CPU
		{014986BB-69A9-4A7F-B45D-94A4DA28A047}.Ad-Hoc|Any CPU.ActiveCfg = Release|Any CPU
		{014986BB-69A9-4A7F-B45D-94A4DA28A047}.Ad-Hoc|Any CPU.Build.0 = Release|Any CPU
		{014986BB-69A9-4A7F-B45D-94A4DA28A047}.Ad-Hoc|iPhone.ActiveCfg = Release|Any CPU
		{014986BB-69A9-4A7F-B45D-94A4DA28A047}.Ad-Hoc|iPhone.Build.0 = Release|Any CPU
		{014986BB-69A9-4A7F-B45D-94A4DA28A047}.Ad-Hoc|iPhoneSimulator.ActiveCfg = Release|Any CPU
		{014986BB-69A9-4A7F-B45D-94A4DA28A047}.Ad-Hoc|iPhoneSimulator.Build.0 = Release|Any CPU
		{014986BB-69A9-4A7F-B45D-94A4DA28A047}.AppStore|Any CPU.ActiveCfg = Release|Any CPU
		{014986BB-69A9-4A7F-B45D-94A4DA28A047}.AppStore|Any CPU.Build.0 = Release|Any CPU
		{014986BB-69A9-4A7F-B45D-94A4DA28A047}.AppStore|iPhone.ActiveCfg = Release|Any CPU
		{014986BB-69A9-4A7F-B45D-94A4DA28A047}.AppStore|iPhone.Build.0 = Release|Any CPU
		{014986BB-69A9-4A7F-B45D-94A4DA28A047}.AppStore|iPhoneSimulator.ActiveCfg = Release|Any CPU
		{014986BB-69A9-4A7F-B45D-94A4DA28A047}.AppStore|iPhoneSimulator.Build.0 = Release|Any CPU
		{014986BB-69A9-4A7F-B45D-94A4DA28A047}.Debug|Any CPU.ActiveCfg = Debug|Any CPU
		{014986BB-69A9-4A7F-B45D-94A4DA28A047}.Debug|Any CPU.Build.0 = Debug|Any CPU
		{014986BB-69A9-4A7F-B45D-94A4DA28A047}.Debug|iPhone.ActiveCfg = Release|Any CPU
		{014986BB-69A9-4A7F-B45D-94A4DA28A047}.Debug|iPhone.Build.0 = Release|Any CPU
		{014986BB-69A9-4A7F-B45D-94A4DA28A047}.Debug|iPhoneSimulator.ActiveCfg = Release|Any CPU
		{014986BB-69A9-4A7F-B45D-94A4DA28A047}.Debug|iPhoneSimulator.Build.0 = Release|Any CPU
		{014986BB-69A9-4A7F-B45D-94A4DA28A047}.Release|Any CPU.ActiveCfg = Release|Any CPU
		{014986BB-69A9-4A7F-B45D-94A4DA28A047}.Release|Any CPU.Build.0 = Release|Any CPU
		{014986BB-69A9-4A7F-B45D-94A4DA28A047}.Release|iPhone.ActiveCfg = Release|Any CPU
		{014986BB-69A9-4A7F-B45D-94A4DA28A047}.Release|iPhone.Build.0 = Release|Any CPU
		{014986BB-69A9-4A7F-B45D-94A4DA28A047}.Release|iPhoneSimulator.ActiveCfg = Release|Any CPU
		{014986BB-69A9-4A7F-B45D-94A4DA28A047}.Release|iPhoneSimulator.Build.0 = Release|Any CPU
		{AC609B6D-79DD-42E8-AF06-B04858BD62F8}.Ad-Hoc|Any CPU.ActiveCfg = Release|Any CPU
		{AC609B6D-79DD-42E8-AF06-B04858BD62F8}.Ad-Hoc|Any CPU.Build.0 = Release|Any CPU
		{AC609B6D-79DD-42E8-AF06-B04858BD62F8}.Ad-Hoc|iPhone.ActiveCfg = Release|Any CPU
		{AC609B6D-79DD-42E8-AF06-B04858BD62F8}.Ad-Hoc|iPhone.Build.0 = Release|Any CPU
		{AC609B6D-79DD-42E8-AF06-B04858BD62F8}.Ad-Hoc|iPhoneSimulator.ActiveCfg = Release|Any CPU
		{AC609B6D-79DD-42E8-AF06-B04858BD62F8}.Ad-Hoc|iPhoneSimulator.Build.0 = Release|Any CPU
		{AC609B6D-79DD-42E8-AF06-B04858BD62F8}.AppStore|Any CPU.ActiveCfg = Release|Any CPU
		{AC609B6D-79DD-42E8-AF06-B04858BD62F8}.AppStore|Any CPU.Build.0 = Release|Any CPU
		{AC609B6D-79DD-42E8-AF06-B04858BD62F8}.AppStore|iPhone.ActiveCfg = Release|Any CPU
		{AC609B6D-79DD-42E8-AF06-B04858BD62F8}.AppStore|iPhone.Build.0 = Release|Any CPU
		{AC609B6D-79DD-42E8-AF06-B04858BD62F8}.AppStore|iPhoneSimulator.ActiveCfg = Release|Any CPU
		{AC609B6D-79DD-42E8-AF06-B04858BD62F8}.AppStore|iPhoneSimulator.Build.0 = Release|Any CPU
		{AC609B6D-79DD-42E8-AF06-B04858BD62F8}.Debug|Any CPU.ActiveCfg = Debug|Any CPU
		{AC609B6D-79DD-42E8-AF06-B04858BD62F8}.Debug|Any CPU.Build.0 = Debug|Any CPU
		{AC609B6D-79DD-42E8-AF06-B04858BD62F8}.Debug|iPhone.ActiveCfg = Release|Any CPU
		{AC609B6D-79DD-42E8-AF06-B04858BD62F8}.Debug|iPhone.Build.0 = Release|Any CPU
		{AC609B6D-79DD-42E8-AF06-B04858BD62F8}.Debug|iPhoneSimulator.ActiveCfg = Release|Any CPU
		{AC609B6D-79DD-42E8-AF06-B04858BD62F8}.Debug|iPhoneSimulator.Build.0 = Release|Any CPU
		{AC609B6D-79DD-42E8-AF06-B04858BD62F8}.Release|Any CPU.ActiveCfg = Release|Any CPU
		{AC609B6D-79DD-42E8-AF06-B04858BD62F8}.Release|Any CPU.Build.0 = Release|Any CPU
		{AC609B6D-79DD-42E8-AF06-B04858BD62F8}.Release|iPhone.ActiveCfg = Release|Any CPU
		{AC609B6D-79DD-42E8-AF06-B04858BD62F8}.Release|iPhone.Build.0 = Release|Any CPU
		{AC609B6D-79DD-42E8-AF06-B04858BD62F8}.Release|iPhoneSimulator.ActiveCfg = Release|Any CPU
		{AC609B6D-79DD-42E8-AF06-B04858BD62F8}.Release|iPhoneSimulator.Build.0 = Release|Any CPU
	EndGlobalSection
	GlobalSection(SolutionProperties) = preSolution
		HideSolutionNode = FALSE
	EndGlobalSection
	GlobalSection(ExtensibilityGlobals) = postSolution
		SolutionGuid = {E0AB126A-73AD-41D1-A873-E0C2F2BBD1B2}
	EndGlobalSection
EndGlobal
